
Microsoft Visual Studio Solution File, Format Version 12.00
# Visual Studio Version 17
VisualStudioVersion = 17.3.32929.385
MinimumVisualStudioVersion = 10.0.40219.1
Project("{8BC9CEB8-8B4A-11D0-8D11-00A0C91BC942}") = "Lab4.4", "Lab4.4\Lab4.4.vcxproj", "{3740FC49-7B9C-458D-B26A-B1742B8C9028}"
EndProject
Global
	GlobalSection(SolutionConfigurationPlatforms) = preSolution
		Debug|x64 = Debug|x64
		Debug|x86 = Debug|x86
		Release|x64 = Release|x64
		Release|x86 = Release|x86
	EndGlobalSection
	GlobalSection(ProjectConfigurationPlatforms) = postSolution
		{3740FC49-7B9C-458D-B26A-B1742B8C9028}.Debug|x64.ActiveCfg = Debug|x64
		{3740FC49-7B9C-458D-B26A-B1742B8C9028}.Debug|x64.Build.0 = Debug|x64
		{3740FC49-7B9C-458D-B26A-B1742B8C9028}.Debug|x86.ActiveCfg = Debug|Win32
		{3740FC49-7B9C-458D-B26A-B1742B8C9028}.Debug|x86.Build.0 = Debug|Win32
		{3740FC49-7B9C-458D-B26A-B1742B8C9028}.Release|x64.ActiveCfg = Release|x64
		{3740FC49-7B9C-458D-B26A-B1742B8C9028}.Release|x64.Build.0 = Release|x64
		{3740FC49-7B9C-458D-B26A-B1742B8C9028}.Release|x86.ActiveCfg = Release|Win32
		{3740FC49-7B9C-458D-B26A-B1742B8C9028}.Release|x86.Build.0 = Release|Win32
	EndGlobalSection
	GlobalSection(SolutionProperties) = preSolution
		HideSolutionNode = FALSE
	EndGlobalSection
	GlobalSection(ExtensibilityGlobals) = postSolution
		SolutionGuid = {D9EBA4A7-FC54-44CA-8900-CDB62474F902}
	EndGlobalSection
EndGlobal
